// !$*UTF8*$!
{
	archiveVersion = 1;
	classes = {
	};
	objectVersion = 50;
	objects = {

/* Begin PBXBuildFile section */
		17FF82F9228DC1D00093FFD8 /* AppDelegate.swift in Sources */ = {isa = PBXBuildFile; fileRef = 17FF82F8228DC1D00093FFD8 /* AppDelegate.swift */; };
		17FF82FB228DC1D00093FFD8 /* ViewController.swift in Sources */ = {isa = PBXBuildFile; fileRef = 17FF82FA228DC1D00093FFD8 /* ViewController.swift */; };
		17FF82FE228DC1D00093FFD8 /* Main.storyboard in Resources */ = {isa = PBXBuildFile; fileRef = 17FF82FC228DC1D00093FFD8 /* Main.storyboard */; };
		17FF8301228DC1D00093FFD8 /* Itunes_Search.xcdatamodeld in Sources */ = {isa = PBXBuildFile; fileRef = 17FF82FF228DC1D00093FFD8 /* Itunes_Search.xcdatamodeld */; };
		17FF8303228DC1D20093FFD8 /* Assets.xcassets in Resources */ = {isa = PBXBuildFile; fileRef = 17FF8302228DC1D20093FFD8 /* Assets.xcassets */; };
		17FF8306228DC1D20093FFD8 /* LaunchScreen.storyboard in Resources */ = {isa = PBXBuildFile; fileRef = 17FF8304228DC1D20093FFD8 /* LaunchScreen.storyboard */; };
/* End PBXBuildFile section */

/* Begin PBXFileReference section */
		17FF82F5228DC1D00093FFD8 /* Itunes Search.app */ = {isa = PBXFileReference; explicitFileType = wrapper.application; includeInIndex = 0; path = "Itunes Search.app"; sourceTree = BUILT_PRODUCTS_DIR; };
		17FF82F8228DC1D00093FFD8 /* AppDelegate.swift */ = {isa = PBXFileReference; lastKnownFileType = sourcecode.swift; path = AppDelegate.swift; sourceTree = "<group>"; };
		17FF82FA228DC1D00093FFD8 /* ViewController.swift */ = {isa = PBXFileReference; lastKnownFileType = sourcecode.swift; path = ViewController.swift; sourceTree = "<group>"; };
		17FF82FD228DC1D00093FFD8 /* Base */ = {isa = PBXFileReference; lastKnownFileType = file.storyboard; name = Base; path = Base.lproj/Main.storyboard; sourceTree = "<group>"; };
		17FF8300228DC1D00093FFD8 /* Itunes_Search.xcdatamodel */ = {isa = PBXFileReference; lastKnownFileType = wrapper.xcdatamodel; path = Itunes_Search.xcdatamodel; sourceTree = "<group>"; };
		17FF8302228DC1D20093FFD8 /* Assets.xcassets */ = {isa = PBXFileReference; lastKnownFileType = folder.assetcatalog; path = Assets.xcassets; sourceTree = "<group>"; };
		17FF8305228DC1D20093FFD8 /* Base */ = {isa = PBXFileReference; lastKnownFileType = file.storyboard; name = Base; path = Base.lproj/LaunchScreen.storyboard; sourceTree = "<group>"; };
		17FF8307228DC1D20093FFD8 /* Info.plist */ = {isa = PBXFileReference; lastKnownFileType = text.plist.xml; path = Info.plist; sourceTree = "<group>"; };
/* End PBXFileReference section */

/* Begin PBXFrameworksBuildPhase section */
		17FF82F2228DC1D00093FFD8 /* Frameworks */ = {
			isa = PBXFrameworksBuildPhase;
			buildActionMask = 2147483647;
			files = (
			);
			runOnlyForDeploymentPostprocessing = 0;
		};
/* End PBXFrameworksBuildPhase section */

/* Begin PBXGroup section */
		17FF82EC228DC1D00093FFD8 = {
			isa = PBXGroup;
			children = (
				17FF82F7228DC1D00093FFD8 /* Itunes Search */,
				17FF82F6228DC1D00093FFD8 /* Products */,
			);
			sourceTree = "<group>";
		};
		17FF82F6228DC1D00093FFD8 /* Products */ = {
			isa = PBXGroup;
			children = (
				17FF82F5228DC1D00093FFD8 /* Itunes Search.app */,
			);
			name = Products;
			sourceTree = "<group>";
		};
		17FF82F7228DC1D00093FFD8 /* Itunes Search */ = {
			isa = PBXGroup;
			children = (
				17FF82F8228DC1D00093FFD8 /* AppDelegate.swift */,
				17FF82FA228DC1D00093FFD8 /* ViewController.swift */,
				17FF82FC228DC1D00093FFD8 /* Main.storyboard */,
				17FF8302228DC1D20093FFD8 /* Assets.xcassets */,
				17FF8304228DC1D20093FFD8 /* LaunchScreen.storyboard */,
				17FF8307228DC1D20093FFD8 /* Info.plist */,
				17FF82FF228DC1D00093FFD8 /* Itunes_Search.xcdatamodeld */,
			);
			path = "Itunes Search";
			sourceTree = "<group>";
		};
/* End PBXGroup section */

/* Begin PBXNativeTarget section */
		17FF82F4228DC1D00093FFD8 /* Itunes Search */ = {
			isa = PBXNativeTarget;
			buildConfigurationList = 17FF830A228DC1D20093FFD8 /* Build configuration list for PBXNativeTarget "Itunes Search" */;
			buildPhases = (
				17FF82F1228DC1D00093FFD8 /* Sources */,
				17FF82F2228DC1D00093FFD8 /* Frameworks */,
				17FF82F3228DC1D00093FFD8 /* Resources */,
			);
			buildRules = (
			);
			dependencies = (
			);
			name = "Itunes Search";
			productName = "Itunes Search";
			productReference = 17FF82F5228DC1D00093FFD8 /* Itunes Search.app */;
			productType = "com.apple.product-type.application";
		};
/* End PBXNativeTarget section */

/* Begin PBXProject section */
		17FF82ED228DC1D00093FFD8 /* Project object */ = {
			isa = PBXProject;
			attributes = {
				LastSwiftUpdateCheck = 1020;
				LastUpgradeCheck = 1020;
				ORGANIZATIONNAME = HaleyJones;
				TargetAttributes = {
					17FF82F4228DC1D00093FFD8 = {
						CreatedOnToolsVersion = 10.2.1;
					};
				};
			};
			buildConfigurationList = 17FF82F0228DC1D00093FFD8 /* Build configuration list for PBXProject "Itunes Search" */;
			compatibilityVersion = "Xcode 9.3";
			developmentRegion = en;
			hasScannedForEncodings = 0;
			knownRegions = (
				en,
				Base,
			);
			mainGroup = 17FF82EC228DC1D00093FFD8;
			productRefGroup = 17FF82F6228DC1D00093FFD8 /* Products */;
			projectDirPath = "";
			projectRoot = "";
			targets = (
				17FF82F4228DC1D00093FFD8 /* Itunes Search */,
			);
		};
/* End PBXProject section */

/* Begin PBXResourcesBuildPhase section */
		17FF82F3228DC1D00093FFD8 /* Resources */ = {
			isa = PBXResourcesBuildPhase;
			buildActionMask = 2147483647;
			files = (
				17FF8306228DC1D20093FFD8 /* LaunchScreen.storyboard in Resources */,
				17FF8303228DC1D20093FFD8 /* Assets.xcassets in Resources */,
				17FF82FE228DC1D00093FFD8 /* Main.storyboard in Resources */,
			);
			runOnlyForDeploymentPostprocessing = 0;
		};
/* End PBXResourcesBuildPhase section */

/* Begin PBXSourcesBuildPhase section */
		17FF82F1228DC1D00093FFD8 /* Sources */ = {
			isa = PBXSourcesBuildPhase;
			buildActionMask = 2147483647;
			files = (
				17FF82FB228DC1D00093FFD8 /* ViewController.swift in Sources */,
				17FF8301228DC1D00093FFD8 /* Itunes_Search.xcdatamodeld in Sources */,
				17FF82F9228DC1D00093FFD8 /* AppDelegate.swift in Sources */,
			);
			runOnlyForDeploymentPostprocessing = 0;
		};
/* End PBXSourcesBuildPhase section */

/* Begin PBXVariantGroup section */
		17FF82FC228DC1D00093FFD8 /* Main.storyboard */ = {
			isa = PBXVariantGroup;
			children = (
				17FF82FD228DC1D00093FFD8 /* Base */,
			);
			name = Main.storyboard;
			sourceTree = "<group>";
		};
		17FF8304228DC1D20093FFD8 /* LaunchScreen.storyboard */ = {
			isa = PBXVariantGroup;
			children = (
				17FF8305228DC1D20093FFD8 /* Base */,
			);
			name = LaunchScreen.storyboard;
			sourceTree = "<group>";
		};
/* End PBXVariantGroup section */

/* Begin XCBuildConfiguration section */
		17FF8308228DC1D20093FFD8 /* Debug */ = {
			isa = XCBuildConfiguration;
			buildSettings = {
				ALWAYS_SEARCH_USER_PATHS = NO;
				CLANG_ANALYZER_NONNULL = YES;
				CLANG_ANALYZER_NUMBER_OBJECT_CONVERSION = YES_AGGRESSIVE;
				CLANG_CXX_LANGUAGE_STANDARD = "gnu++14";
				CLANG_CXX_LIBRARY = "libc++";
				CLANG_ENABLE_MODULES = YES;
				CLANG_ENABLE_OBJC_ARC = YES;
				CLANG_ENABLE_OBJC_WEAK = YES;
				CLANG_WARN_BLOCK_CAPTURE_AUTORELEASING = YES;
				CLANG_WARN_BOOL_CONVERSION = YES;
				CLANG_WARN_COMMA = YES;
				CLANG_WARN_CONSTANT_CONVERSION = YES;
				CLANG_WARN_DEPRECATED_OBJC_IMPLEMENTATIONS = YES;
				CLANG_WARN_DIRECT_OBJC_ISA_USAGE = YES_ERROR;
				CLANG_WARN_DOCUMENTATION_COMMENTS = YES;
				CLANG_WARN_EMPTY_BODY = YES;
				CLANG_WARN_ENUM_CONVERSION = YES;
				CLANG_WARN_INFINITE_RECURSION = YES;
				CLANG_WARN_INT_CONVERSION = YES;
				CLANG_WARN_NON_LITERAL_NULL_CONVERSION = YES;
				CLANG_WARN_OBJC_IMPLICIT_RETAIN_SELF = YES;
				CLANG_WARN_OBJC_LITERAL_CONVERSION = YES;
				CLANG_WARN_OBJC_ROOT_CLASS = YES_ERROR;
				CLANG_WARN_RANGE_LOOP_ANALYSIS = YES;
				CLANG_WARN_STRICT_PROTOTYPES = YES;
				CLANG_WARN_SUSPICIOUS_MOVE = YES;
				CLANG_WARN_UNGUARDED_AVAILABILITY = YES_AGGRESSIVE;
				CLANG_WARN_UNREACHABLE_CODE = YES;
				CLANG_WARN__DUPLICATE_METHOD_MATCH = YES;
				CODE_SIGN_IDENTITY = "iPhone Developer";
				COPY_PHASE_STRIP = NO;
				DEBUG_INFORMATION_FORMAT = dwarf;
				ENABLE_STRICT_OBJC_MSGSEND = YES;
				ENABLE_TESTABILITY = YES;
				GCC_C_LANGUAGE_STANDARD = gnu11;
				GCC_DYNAMIC_NO_PIC = NO;
				GCC_NO_COMMON_BLOCKS = YES;
				GCC_OPTIMIZATION_LEVEL = 0;
				GCC_PREPROCESSOR_DEFINITIONS = (
					"DEBUG=1",
					"$(inherited)",
				);
				GCC_WARN_64_TO_32_BIT_CONVERSION = YES;
				GCC_WARN_ABOUT_RETURN_TYPE = YES_ERROR;
				GCC_WARN_UNDECLARED_SELECTOR = YES;
				GCC_WARN_UNINITIALIZED_AUTOS = YES_AGGRESSIVE;
				GCC_WARN_UNUSED_FUNCTION = YES;
				GCC_WARN_UNUSED_VARIABLE = YES;
				IPHONEOS_DEPLOYMENT_TARGET = 12.2;
				MTL_ENABLE_DEBUG_INFO = INCLUDE_SOURCE;
				MTL_FAST_MATH = YES;
				ONLY_ACTIVE_ARCH = YES;
				SDKROOT = iphoneos;
				SWIFT_ACTIVE_COMPILATION_CONDITIONS = DEBUG;
				SWIFT_OPTIMIZATION_LEVEL = "-Onone";
			};
			name = Debug;
		};
		17FF8309228DC1D20093FFD8 /* Release */ = {
			isa = XCBuildConfiguration;
			buildSettings = {
				ALWAYS_SEARCH_USER_PATHS = NO;
				CLANG_ANALYZER_NONNULL = YES;
				CLANG_ANALYZER_NUMBER_OBJECT_CONVERSION = YES_AGGRESSIVE;
				CLANG_CXX_LANGUAGE_STANDARD = "gnu++14";
				CLANG_CXX_LIBRARY = "libc++";
				CLANG_ENABLE_MODULES = YES;
				CLANG_ENABLE_OBJC_ARC = YES;
				CLANG_ENABLE_OBJC_WEAK = YES;
				CLANG_WARN_BLOCK_CAPTURE_AUTORELEASING = YES;
				CLANG_WARN_BOOL_CONVERSION = YES;
				CLANG_WARN_COMMA = YES;
				CLANG_WARN_CONSTANT_CONVERSION = YES;
				CLANG_WARN_DEPRECATED_OBJC_IMPLEMENTATIONS = YES;
				CLANG_WARN_DIRECT_OBJC_ISA_USAGE = YES_ERROR;
				CLANG_WARN_DOCUMENTATION_COMMENTS = YES;
				CLANG_WARN_EMPTY_BODY = YES;
				CLANG_WARN_ENUM_CONVERSION = YES;
				CLANG_WARN_INFINITE_RECURSION = YES;
				CLANG_WARN_INT_CONVERSION = YES;
				CLANG_WARN_NON_LITERAL_NULL_CONVERSION = YES;
				CLANG_WARN_OBJC_IMPLICIT_RETAIN_SELF = YES;
				CLANG_WARN_OBJC_LITERAL_CONVERSION = YES;
				CLANG_WARN_OBJC_ROOT_CLASS = YES_ERROR;
				CLANG_WARN_RANGE_LOOP_ANALYSIS = YES;
				CLANG_WARN_STRICT_PROTOTYPES = YES;
				CLANG_WARN_SUSPICIOUS_MOVE = YES;
				CLANG_WARN_UNGUARDED_AVAILABILITY = YES_AGGRESSIVE;
				CLANG_WARN_UNREACHABLE_CODE = YES;
				CLANG_WARN__DUPLICATE_METHOD_MATCH = YES;
				CODE_SIGN_IDENTITY = "iPhone Developer";
				COPY_PHASE_STRIP = NO;
				DEBUG_INFORMATION_FORMAT = "dwarf-with-dsym";
				ENABLE_NS_ASSERTIONS = NO;
				ENABLE_STRICT_OBJC_MSGSEND = YES;
				GCC_C_LANGUAGE_STANDARD = gnu11;
				GCC_NO_COMMON_BLOCKS = YES;
				GCC_WARN_64_TO_32_BIT_CONVERSION = YES;
				GCC_WARN_ABOUT_RETURN_TYPE = YES_ERROR;
				GCC_WARN_UNDECLARED_SELECTOR = YES;
				GCC_WARN_UNINITIALIZED_AUTOS = YES_AGGRESSIVE;
				GCC_WARN_UNUSED_FUNCTION = YES;
				GCC_WARN_UNUSED_VARIABLE = YES;
				IPHONEOS_DEPLOYMENT_TARGET = 12.2;
				MTL_ENABLE_DEBUG_INFO = NO;
				MTL_FAST_MATH = YES;
				SDKROOT = iphoneos;
				SWIFT_COMPILATION_MODE = wholemodule;
				SWIFT_OPTIMIZATION_LEVEL = "-O";
				VALIDATE_PRODUCT = YES;
			};
			name = Release;
		};
		17FF830B228DC1D20093FFD8 /* Debug */ = {
			isa = XCBuildConfiguration;
			buildSettings = {
				ASSETCATALOG_COMPILER_APPICON_NAME = AppIcon;
				CODE_SIGN_STYLE = Automatic;
				DEVELOPMENT_TEAM = 39YHWYH93Z;
				INFOPLIST_FILE = "Itunes Search/Info.plist";
				LD_RUNPATH_SEARCH_PATHS = (
					"$(inherited)",
					"@executable_path/Frameworks",
				);
				PRODUCT_BUNDLE_IDENTIFIER = "com.HaleyJones.Itunes-Search";
				PRODUCT_NAME = "$(TARGET_NAME)";
				SWIFT_VERSION = 5.0;
				TARGETED_DEVICE_FAMILY = "1,2";
			};
			name = Debug;
		};
		17FF830C228DC1D20093FFD8 /* Release */ = {
			isa = XCBuildConfiguration;
			buildSettings = {
				ASSETCATALOG_COMPILER_APPICON_NAME = AppIcon;
				CODE_SIGN_STYLE = Automatic;
				DEVELOPMENT_TEAM = 39YHWYH93Z;
				INFOPLIST_FILE = "Itunes Search/Info.plist";
				LD_RUNPATH_SEARCH_PATHS = (
					"$(inherited)",
					"@executable_path/Frameworks",
				);
				PRODUCT_BUNDLE_IDENTIFIER = "com.HaleyJones.Itunes-Search";
				PRODUCT_NAME = "$(TARGET_NAME)";
				SWIFT_VERSION = 5.0;
				TARGETED_DEVICE_FAMILY = "1,2";
			};
			name = Release;
		};
/* End XCBuildConfiguration section */

/* Begin XCConfigurationList section */
		17FF82F0228DC1D00093FFD8 /* Build configuration list for PBXProject "Itunes Search" */ = {
			isa = XCConfigurationList;
			buildConfigurations = (
				17FF8308228DC1D20093FFD8 /* Debug */,
				17FF8309228DC1D20093FFD8 /* Release */,
			);
			defaultConfigurationIsVisible = 0;
			defaultConfigurationName = Release;
		};
		17FF830A228DC1D20093FFD8 /* Build configuration list for PBXNativeTarget "Itunes Search" */ = {
			isa = XCConfigurationList;
			buildConfigurations = (
				17FF830B228DC1D20093FFD8 /* Debug */,
				17FF830C228DC1D20093FFD8 /* Release */,
			);
			defaultConfigurationIsVisible = 0;
			defaultConfigurationName = Release;
		};
/* End XCConfigurationList section */

/* Begin XCVersionGroup section */
		17FF82FF228DC1D00093FFD8 /* Itunes_Search.xcdatamodeld */ = {
			isa = XCVersionGroup;
			children = (
				17FF8300228DC1D00093FFD8 /* Itunes_Search.xcdatamodel */,
			);
			currentVersion = 17FF8300228DC1D00093FFD8 /* Itunes_Search.xcdatamodel */;
			path = Itunes_Search.xcdatamodeld;
			sourceTree = "<group>";
			versionGroupType = wrapper.xcdatamodel;
		};
/* End XCVersionGroup section */
	};
	rootObject = 17FF82ED228DC1D00093FFD8 /* Project object */;
}
